
Microsoft Visual Studio Solution File, Format Version 12.00
# Visual Studio Version 16
VisualStudioVersion = 16.0.29519.87
MinimumVisualStudioVersion = 10.0.40219.1
Project("{FAE04EC0-301F-11D3-BF4B-00C04F79EFBC}") = "CourseLibrary.API", "CourseLibrary.API\CourseLibrary.API.csproj", "{FD89DA4C-4959-4A89-BEE5-36EEA4A5C7C9}"
EndProject
Global
	GlobalSection(SolutionConfigurationPlatforms) = preSolution
		Debug|Any CPU = Debug|Any CPU
		Release|Any CPU = Release|Any CPU
	EndGlobalSection
	GlobalSection(ProjectConfigurationPlatforms) = postSolution
		{FD89DA4C-4959-4A89-BEE5-36EEA4A5C7C9}.Debug|Any CPU.ActiveCfg = Debug|Any CPU
		{FD89DA4C-4959-4A89-BEE5-36EEA4A5C7C9}.Debug|Any CPU.Build.0 = Debug|Any CPU
		{FD89DA4C-4959-4A89-BEE5-36EEA4A5C7C9}.Release|Any CPU.ActiveCfg = Release|Any CPU
		{FD89DA4C-4959-4A89-BEE5-36EEA4A5C7C9}.Release|Any CPU.Build.0 = Release|Any CPU
	EndGlobalSection
	GlobalSection(SolutionProperties) = preSolution
		HideSolutionNode = FALSE
	EndGlobalSection
	GlobalSection(ExtensibilityGlobals) = postSolution
		SolutionGuid = {A803F0C5-EFCA-4EC5-A008-3A034D5005DE}
	EndGlobalSection
EndGlobal
